
Microsoft Visual Studio Solution File, Format Version 12.00
# Visual Studio Version 16
VisualStudioVersion = 16.0.30503.244
MinimumVisualStudioVersion = 10.0.40219.1
Project("{FAE04EC0-301F-11D3-BF4B-00C04F79EFBC}") = "La Gota", "La Gota.csproj", "{0DC3D219-81B1-42E2-A5DF-1490EDF5BA79}"
EndProject
Project("{FAE04EC0-301F-11D3-BF4B-00C04F79EFBC}") = "Biblioteca.Entidades", "..\Biblioteca.Entidades\Biblioteca.Entidades.csproj", "{1AFA71C3-1004-4281-9943-122102024978}"
EndProject
Project("{FAE04EC0-301F-11D3-BF4B-00C04F79EFBC}") = "Biblioteca.Datos", "..\Biblioteca.Datos\Biblioteca.Datos.csproj", "{899A3360-11DE-4541-A7C9-F1CF217C2F30}"
EndProject
Global
	GlobalSection(SolutionConfigurationPlatforms) = preSolution
		Debug|Any CPU = Debug|Any CPU
		Release|Any CPU = Release|Any CPU
	EndGlobalSection
	GlobalSection(ProjectConfigurationPlatforms) = postSolution
		{0DC3D219-81B1-42E2-A5DF-1490EDF5BA79}.Debug|Any CPU.ActiveCfg = Debug|Any CPU
		{0DC3D219-81B1-42E2-A5DF-1490EDF5BA79}.Debug|Any CPU.Build.0 = Debug|Any CPU
		{0DC3D219-81B1-42E2-A5DF-1490EDF5BA79}.Release|Any CPU.ActiveCfg = Release|Any CPU
		{0DC3D219-81B1-42E2-A5DF-1490EDF5BA79}.Release|Any CPU.Build.0 = Release|Any CPU
		{1AFA71C3-1004-4281-9943-122102024978}.Debug|Any CPU.ActiveCfg = Debug|Any CPU
		{1AFA71C3-1004-4281-9943-122102024978}.Debug|Any CPU.Build.0 = Debug|Any CPU
		{1AFA71C3-1004-4281-9943-122102024978}.Release|Any CPU.ActiveCfg = Release|Any CPU
		{1AFA71C3-1004-4281-9943-122102024978}.Release|Any CPU.Build.0 = Release|Any CPU
		{899A3360-11DE-4541-A7C9-F1CF217C2F30}.Debug|Any CPU.ActiveCfg = Debug|Any CPU
		{899A3360-11DE-4541-A7C9-F1CF217C2F30}.Debug|Any CPU.Build.0 = Debug|Any CPU
		{899A3360-11DE-4541-A7C9-F1CF217C2F30}.Release|Any CPU.ActiveCfg = Release|Any CPU
		{899A3360-11DE-4541-A7C9-F1CF217C2F30}.Release|Any CPU.Build.0 = Release|Any CPU
	EndGlobalSection
	GlobalSection(SolutionProperties) = preSolution
		HideSolutionNode = FALSE
	EndGlobalSection
	GlobalSection(ExtensibilityGlobals) = postSolution
		SolutionGuid = {E76AD12E-9993-4D21-AA82-DE4EEACC12FB}
	EndGlobalSection
EndGlobal
